# This file was autogenerated by Stack.
# You should not edit this file by hand.
# For more information, please see the documentation at:
#   https://docs.haskellstack.org/en/stable/topics/lock_files

packages:
- completed:
    hackage: astar-0.3.0.0@sha256:8bf6350542e9db9451490e8993560ee843dc48a61d46a206985430f9b62461c8,967
    pantry-tree:
      sha256: c4176cc3fc9ad39f2a9fc7eb4346c87b6e60b70ba23d8e2adbdfc81fe544b808
      size: 213
  original:
    hackage: astar-0.3.0.0
snapshots:
- completed:
    sha256: dc2c118f708ee595ccad08b5be08ed276659b0c22ba7c8ba1ef25a49af318c50
    size: 726332
    url: https://raw.githubusercontent.com/commercialhaskell/stackage-snapshots/master/lts/24/23.yaml
  original: lts-24.23
