# This file was autogenerated by Stack.
# You should not edit this file by hand.
# For more information, please see the documentation at:
#   https://docs.haskellstack.org/en/stable/lock_files

packages:
- completed:
    hackage: MissingH-1.4.3.0@sha256:efbbe7065e17bc01ed925593a0c5b5793ab857585a8e9d5015d0025e526ab55c,4702
    pantry-tree:
      size: 5271
      sha256: d3c9916fafe0b11b72c56862a5c578f35c3fdbe6ee203e4adeca9b0706ee1fe3
  original:
    hackage: MissingH-1.4.3.0@sha256:efbbe7065e17bc01ed925593a0c5b5793ab857585a8e9d5015d0025e526ab55c,4702
snapshots:
- completed:
    size: 586296
    url: https://raw.githubusercontent.com/commercialhaskell/stackage-snapshots/master/lts/18/18.yaml
    sha256: 63539429076b7ebbab6daa7656cfb079393bf644971156dc349d7c0453694ac2
  original: lts-18.18
